
Microsoft Visual Studio Solution File, Format Version 12.00
# Visual Studio 15
VisualStudioVersion = 15.0.27004.2002
MinimumVisualStudioVersion = 10.0.40219.1
Project("{FAE04EC0-301F-11D3-BF4B-00C04F79EFBC}") = "fast_open_work_dir", "fast_open_work_dir.csproj", "{BA9C7B72-DC76-48CA-9A7F-7ADFAF229BEB}"
EndProject
Global
	GlobalSection(SolutionConfigurationPlatforms) = preSolution
		Debug|Any CPU = Debug|Any CPU
		Release|Any CPU = Release|Any CPU
	EndGlobalSection
	GlobalSection(ProjectConfigurationPlatforms) = postSolution
		{BA9C7B72-DC76-48CA-9A7F-7ADFAF229BEB}.Debug|Any CPU.ActiveCfg = Debug|Any CPU
		{BA9C7B72-DC76-48CA-9A7F-7ADFAF229BEB}.Debug|Any CPU.Build.0 = Debug|Any CPU
		{BA9C7B72-DC76-48CA-9A7F-7ADFAF229BEB}.Release|Any CPU.ActiveCfg = Release|Any CPU
		{BA9C7B72-DC76-48CA-9A7F-7ADFAF229BEB}.Release|Any CPU.Build.0 = Release|Any CPU
	EndGlobalSection
	GlobalSection(SolutionProperties) = preSolution
		HideSolutionNode = FALSE
	EndGlobalSection
	GlobalSection(ExtensibilityGlobals) = postSolution
		SolutionGuid = {A6E3ED78-F858-48DF-8A26-AEBEFE6D1683}
	EndGlobalSection
EndGlobal
